
Microsoft Visual Studio Solution File, Format Version 12.00
# Visual Studio Version 17
VisualStudioVersion = 17.0.31903.59
MinimumVisualStudioVersion = 10.0.40219.1
Project("{9A19103F-16F7-4668-BE54-9A1E7A4F7556}") = "Wallet.Firebase.Api", "Wallet.Firebase.Api.csproj", "{425DABE9-FDF3-4656-9AF4-E767C00EFE29}"
EndProject
Project("{FAE04EC0-301F-11D3-BF4B-00C04F79EFBC}") = "Wallet.ExecuteConsole", "..\Wallet.ExcecuteConsole\Wallet.ExecuteConsole.csproj", "{DEBA1940-43F2-45B7-8624-4CD7F2775F92}"
EndProject
Global
	GlobalSection(SolutionConfigurationPlatforms) = preSolution
		Debug|Any CPU = Debug|Any CPU
		Release|Any CPU = Release|Any CPU
	EndGlobalSection
	GlobalSection(ProjectConfigurationPlatforms) = postSolution
		{425DABE9-FDF3-4656-9AF4-E767C00EFE29}.Debug|Any CPU.ActiveCfg = Debug|Any CPU
		{425DABE9-FDF3-4656-9AF4-E767C00EFE29}.Debug|Any CPU.Build.0 = Debug|Any CPU
		{425DABE9-FDF3-4656-9AF4-E767C00EFE29}.Release|Any CPU.ActiveCfg = Release|Any CPU
		{425DABE9-FDF3-4656-9AF4-E767C00EFE29}.Release|Any CPU.Build.0 = Release|Any CPU
		{DEBA1940-43F2-45B7-8624-4CD7F2775F92}.Debug|Any CPU.ActiveCfg = Debug|Any CPU
		{DEBA1940-43F2-45B7-8624-4CD7F2775F92}.Debug|Any CPU.Build.0 = Debug|Any CPU
		{DEBA1940-43F2-45B7-8624-4CD7F2775F92}.Release|Any CPU.ActiveCfg = Release|Any CPU
		{DEBA1940-43F2-45B7-8624-4CD7F2775F92}.Release|Any CPU.Build.0 = Release|Any CPU
	EndGlobalSection
	GlobalSection(SolutionProperties) = preSolution
		HideSolutionNode = FALSE
	EndGlobalSection
	GlobalSection(ExtensibilityGlobals) = postSolution
		SolutionGuid = {5624A436-F133-418F-859B-2BF3279BECF1}
	EndGlobalSection
EndGlobal
